
Microsoft Visual Studio Solution File, Format Version 12.00
# Visual Studio 15
VisualStudioVersion = 15.0.27703.1
MinimumVisualStudioVersion = 10.0.40219.1
Project("{FAE04EC0-301F-11D3-BF4B-00C04F79EFBC}") = "DnD_Char_Creator", "ConsoleApp1\DnD_Char_Creator.csproj", "{85C81155-CB73-4243-9ACE-1B00569299BF}"
EndProject
Global
	GlobalSection(SolutionConfigurationPlatforms) = preSolution
		Debug|Any CPU = Debug|Any CPU
		Release|Any CPU = Release|Any CPU
	EndGlobalSection
	GlobalSection(ProjectConfigurationPlatforms) = postSolution
		{85C81155-CB73-4243-9ACE-1B00569299BF}.Debug|Any CPU.ActiveCfg = Debug|Any CPU
		{85C81155-CB73-4243-9ACE-1B00569299BF}.Debug|Any CPU.Build.0 = Debug|Any CPU
		{85C81155-CB73-4243-9ACE-1B00569299BF}.Release|Any CPU.ActiveCfg = Release|Any CPU
		{85C81155-CB73-4243-9ACE-1B00569299BF}.Release|Any CPU.Build.0 = Release|Any CPU
	EndGlobalSection
	GlobalSection(SolutionProperties) = preSolution
		HideSolutionNode = FALSE
	EndGlobalSection
	GlobalSection(ExtensibilityGlobals) = postSolution
		SolutionGuid = {7AFCA028-023F-45DA-930B-0C10E31FE5C0}
	EndGlobalSection
EndGlobal
